Microsoft Visual Studio Solution File, Format Version 12.00
# Visual Studio Version 17
VisualStudioVersion = 17.5.2.0
MinimumVisualStudioVersion = 10.0.40219.1
Project("{FAE04EC0-301F-11D3-BF4B-00C04F79EFBC}") = "projeto9-tests", "projeto9-tests.csproj", "{5005786F-5886-6F61-69A9-6A0B709F5792}"
EndProject
Global
	GlobalSection(SolutionConfigurationPlatforms) = preSolution
		Debug|Any CPU = Debug|Any CPU
		Release|Any CPU = Release|Any CPU
	EndGlobalSection
	GlobalSection(ProjectConfigurationPlatforms) = postSolution
		{5005786F-5886-6F61-69A9-6A0B709F5792}.Debug|Any CPU.ActiveCfg = Debug|Any CPU
		{5005786F-5886-6F61-69A9-6A0B709F5792}.Debug|Any CPU.Build.0 = Debug|Any CPU
		{5005786F-5886-6F61-69A9-6A0B709F5792}.Release|Any CPU.ActiveCfg = Release|Any CPU
		{5005786F-5886-6F61-69A9-6A0B709F5792}.Release|Any CPU.Build.0 = Release|Any CPU
	EndGlobalSection
	GlobalSection(SolutionProperties) = preSolution
		HideSolutionNode = FALSE
	EndGlobalSection
	GlobalSection(ExtensibilityGlobals) = postSolution
		SolutionGuid = {F0CAC6AB-3718-4A6F-9061-4C0674996531}
	EndGlobalSection
EndGlobal
